// !$*UTF8*$!
{
	archiveVersion = 1;
	classes = {
	};
	objectVersion = 50;
	objects = {

/* Begin PBXBuildFile section */
		5DFD568820E3A3A8001672BC /* AppDelegate.swift in Sources */ = {isa = PBXBuildFile; fileRef = 5DFD568720E3A3A8001672BC /* AppDelegate.swift */; };
		5DFD568A20E3A3A8001672BC /* ViewController.swift in Sources */ = {isa = PBXBuildFile; fileRef = 5DFD568920E3A3A8001672BC /* ViewController.swift */; };
		5DFD568D20E3A3A8001672BC /* Main.storyboard in Resources */ = {isa = PBXBuildFile; fileRef = 5DFD568B20E3A3A8001672BC /* Main.storyboard */; };
		5DFD568F20E3A3AB001672BC /* Assets.xcassets in Resources */ = {isa = PBXBuildFile; fileRef = 5DFD568E20E3A3AB001672BC /* Assets.xcassets */; };
		5DFD569220E3A3AB001672BC /* LaunchScreen.storyboard in Resources */ = {isa = PBXBuildFile; fileRef = 5DFD569020E3A3AB001672BC /* LaunchScreen.storyboard */; };
		5DFD569D20E3A3AB001672BC /* DestroyTheWorldTests.swift in Sources */ = {isa = PBXBuildFile; fileRef = 5DFD569C20E3A3AB001672BC /* DestroyTheWorldTests.swift */; };
		5DFD56A820E3A3AB001672BC /* DestroyTheWorldUITests.swift in Sources */ = {isa = PBXBuildFile; fileRef = 5DFD56A720E3A3AB001672BC /* DestroyTheWorldUITests.swift */; };
/* End PBXBuildFile section */

/* Begin PBXContainerItemProxy section */
		5DFD569920E3A3AB001672BC /* PBXContainerItemProxy */ = {
			isa = PBXContainerItemProxy;
			containerPortal = 5DFD567C20E3A3A7001672BC /* Project object */;
			proxyType = 1;
			remoteGlobalIDString = 5DFD568320E3A3A8001672BC;
			remoteInfo = DestroyTheWorld;
		};
		5DFD56A420E3A3AB001672BC /* PBXContainerItemProxy */ = {
			isa = PBXContainerItemProxy;
			containerPortal = 5DFD567C20E3A3A7001672BC /* Project object */;
			proxyType = 1;
			remoteGlobalIDString = 5DFD568320E3A3A8001672BC;
			remoteInfo = DestroyTheWorld;
		};
/* End PBXContainerItemProxy section */

/* Begin PBXFileReference section */
		5DFD568420E3A3A8001672BC /* DestroyTheWorld.app */ = {isa = PBXFileReference; explicitFileType = wrapper.application; includeInIndex = 0; path = DestroyTheWorld.app; sourceTree = BUILT_PRODUCTS_DIR; };
		5DFD568720E3A3A8001672BC /* AppDelegate.swift */ = {isa = PBXFileReference; lastKnownFileType = sourcecode.swift; path = AppDelegate.swift; sourceTree = "<group>"; };
		5DFD568920E3A3A8001672BC /* ViewController.swift */ = {isa = PBXFileReference; lastKnownFileType = sourcecode.swift; path = ViewController.swift; sourceTree = "<group>"; };
		5DFD568C20E3A3A8001672BC /* Base */ = {isa = PBXFileReference; lastKnownFileType = file.storyboard; name = Base; path = Base.lproj/Main.storyboard; sourceTree = "<group>"; };
		5DFD568E20E3A3AB001672BC /* Assets.xcassets */ = {isa = PBXFileReference; lastKnownFileType = folder.assetcatalog; path = Assets.xcassets; sourceTree = "<group>"; };
		5DFD569120E3A3AB001672BC /* Base */ = {isa = PBXFileReference; lastKnownFileType = file.storyboard; name = Base; path = Base.lproj/LaunchScreen.storyboard; sourceTree = "<group>"; };
		5DFD569320E3A3AB001672BC /* Info.plist */ = {isa = PBXFileReference; lastKnownFileType = text.plist.xml; path = Info.plist; sourceTree = "<group>"; };
		5DFD569820E3A3AB001672BC /* DestroyTheWorldTests.xctest */ = {isa = PBXFileReference; explicitFileType = wrapper.cfbundle; includeInIndex = 0; path = DestroyTheWorldTests.xctest; sourceTree = BUILT_PRODUCTS_DIR; };
		5DFD569C20E3A3AB001672BC /* DestroyTheWorldTests.swift */ = {isa = PBXFileReference; lastKnownFileType = sourcecode.swift; path = DestroyTheWorldTests.swift; sourceTree = "<group>"; };
		5DFD569E20E3A3AB001672BC /* Info.plist */ = {isa = PBXFileReference; lastKnownFileType = text.plist.xml; path = Info.plist; sourceTree = "<group>"; };
		5DFD56A320E3A3AB001672BC /* DestroyTheWorldUITests.xctest */ = {isa = PBXFileReference; explicitFileType = wrapper.cfbundle; includeInIndex = 0; path = DestroyTheWorldUITests.xctest; sourceTree = BUILT_PRODUCTS_DIR; };
		5DFD56A720E3A3AB001672BC /* DestroyTheWorldUITests.swift */ = {isa = PBXFileReference; lastKnownFileType = sourcecode.swift; path = DestroyTheWorldUITests.swift; sourceTree = "<group>"; };
		5DFD56A920E3A3AB001672BC /* Info.plist */ = {isa = PBXFileReference; lastKnownFileType = text.plist.xml; path = Info.plist; sourceTree = "<group>"; };
/* End PBXFileReference section */

/* Begin PBXFrameworksBuildPhase section */
		5DFD568120E3A3A8001672BC /* Frameworks */ = {
			isa = PBXFrameworksBuildPhase;
			buildActionMask = 2147483647;
			files = (
			);
			runOnlyForDeploymentPostprocessing = 0;
		};
		5DFD569520E3A3AB001672BC /* Frameworks */ = {
			isa = PBXFrameworksBuildPhase;
			buildActionMask = 2147483647;
			files = (
			);
			runOnlyForDeploymentPostprocessing = 0;
		};
		5DFD56A020E3A3AB001672BC /* Frameworks */ = {
			isa = PBXFrameworksBuildPhase;
			buildActionMask = 2147483647;
			files = (
			);
			runOnlyForDeploymentPostprocessing = 0;
		};
/* End PBXFrameworksBuildPhase section */

/* Begin PBXGroup section */
		5DFD567B20E3A3A7001672BC = {
			isa = PBXGroup;
			children = (
				5DFD568620E3A3A8001672BC /* DestroyTheWorld */,
				5DFD569B20E3A3AB001672BC /* DestroyTheWorldTests */,
				5DFD56A620E3A3AB001672BC /* DestroyTheWorldUITests */,
				5DFD568520E3A3A8001672BC /* Products */,
			);
			sourceTree = "<group>";
		};
		5DFD568520E3A3A8001672BC /* Products */ = {
			isa = PBXGroup;
			children = (
				5DFD568420E3A3A8001672BC /* DestroyTheWorld.app */,
				5DFD569820E3A3AB001672BC /* DestroyTheWorldTests.xctest */,
				5DFD56A320E3A3AB001672BC /* DestroyTheWorldUITests.xctest */,
			);
			name = Products;
			sourceTree = "<group>";
		};
		5DFD568620E3A3A8001672BC /* DestroyTheWorld */ = {
			isa = PBXGroup;
			children = (
				5DFD568720E3A3A8001672BC /* AppDelegate.swift */,
				5DFD568920E3A3A8001672BC /* ViewController.swift */,
				5DFD568B20E3A3A8001672BC /* Main.storyboard */,
				5DFD568E20E3A3AB001672BC /* Assets.xcassets */,
				5DFD569020E3A3AB001672BC /* LaunchScreen.storyboard */,
				5DFD569320E3A3AB001672BC /* Info.plist */,
			);
			path = DestroyTheWorld;
			sourceTree = "<group>";
		};
		5DFD569B20E3A3AB001672BC /* DestroyTheWorldTests */ = {
			isa = PBXGroup;
			children = (
				5DFD569C20E3A3AB001672BC /* DestroyTheWorldTests.swift */,
				5DFD569E20E3A3AB001672BC /* Info.plist */,
			);
			path = DestroyTheWorldTests;
			sourceTree = "<group>";
		};
		5DFD56A620E3A3AB001672BC /* DestroyTheWorldUITests */ = {
			isa = PBXGroup;
			children = (
				5DFD56A720E3A3AB001672BC /* DestroyTheWorldUITests.swift */,
				5DFD56A920E3A3AB001672BC /* Info.plist */,
			);
			path = DestroyTheWorldUITests;
			sourceTree = "<group>";
		};
/* End PBXGroup section */

/* Begin PBXNativeTarget section */
		5DFD568320E3A3A8001672BC /* DestroyTheWorld */ = {
			isa = PBXNativeTarget;
			buildConfigurationList = 5DFD56AC20E3A3AB001672BC /* Build configuration list for PBXNativeTarget "DestroyTheWorld" */;
			buildPhases = (
				5DFD568020E3A3A8001672BC /* Sources */,
				5DFD568120E3A3A8001672BC /* Frameworks */,
				5DFD568220E3A3A8001672BC /* Resources */,
			);
			buildRules = (
			);
			dependencies = (
			);
			name = DestroyTheWorld;
			productName = DestroyTheWorld;
			productReference = 5DFD568420E3A3A8001672BC /* DestroyTheWorld.app */;
			productType = "com.apple.product-type.application";
		};
		5DFD569720E3A3AB001672BC /* DestroyTheWorldTests */ = {
			isa = PBXNativeTarget;
			buildConfigurationList = 5DFD56AF20E3A3AB001672BC /* Build configuration list for PBXNativeTarget "DestroyTheWorldTests" */;
			buildPhases = (
				5DFD569420E3A3AB001672BC /* Sources */,
				5DFD569520E3A3AB001672BC /* Frameworks */,
				5DFD569620E3A3AB001672BC /* Resources */,
			);
			buildRules = (
			);
			dependencies = (
				5DFD569A20E3A3AB001672BC /* PBXTargetDependency */,
			);
			name = DestroyTheWorldTests;
			productName = DestroyTheWorldTests;
			productReference = 5DFD569820E3A3AB001672BC /* DestroyTheWorldTests.xctest */;
			productType = "com.apple.product-type.bundle.unit-test";
		};
		5DFD56A220E3A3AB001672BC /* DestroyTheWorldUITests */ = {
			isa = PBXNativeTarget;
			buildConfigurationList = 5DFD56B220E3A3AB001672BC /* Build configuration list for PBXNativeTarget "DestroyTheWorldUITests" */;
			buildPhases = (
				5DFD569F20E3A3AB001672BC /* Sources */,
				5DFD56A020E3A3AB001672BC /* Frameworks */,
				5DFD56A120E3A3AB001672BC /* Resources */,
			);
			buildRules = (
			);
			dependencies = (
				5DFD56A520E3A3AB001672BC /* PBXTargetDependency */,
			);
			name = DestroyTheWorldUITests;
			productName = DestroyTheWorldUITests;
			productReference = 5DFD56A320E3A3AB001672BC /* DestroyTheWorldUITests.xctest */;
			productType = "com.apple.product-type.bundle.ui-testing";
		};
/* End PBXNativeTarget section */

/* Begin PBXProject section */
		5DFD567C20E3A3A7001672BC /* Project object */ = {
			isa = PBXProject;
			attributes = {
				LastSwiftUpdateCheck = 0940;
				LastUpgradeCheck = 0940;
				ORGANIZATIONNAME = "Monika Singhal";
				TargetAttributes = {
					5DFD568320E3A3A8001672BC = {
						CreatedOnToolsVersion = 9.4.1;
					};
					5DFD569720E3A3AB001672BC = {
						CreatedOnToolsVersion = 9.4.1;
						TestTargetID = 5DFD568320E3A3A8001672BC;
					};
					5DFD56A220E3A3AB001672BC = {
						CreatedOnToolsVersion = 9.4.1;
						TestTargetID = 5DFD568320E3A3A8001672BC;
					};
				};
			};
			buildConfigurationList = 5DFD567F20E3A3A7001672BC /* Build configuration list for PBXProject "DestroyTheWorld" */;
			compatibilityVersion = "Xcode 9.3";
			developmentRegion = en;
			hasScannedForEncodings = 0;
			knownRegions = (
				en,
				Base,
			);
			mainGroup = 5DFD567B20E3A3A7001672BC;
			productRefGroup = 5DFD568520E3A3A8001672BC /* Products */;
			projectDirPath = "";
			projectRoot = "";
			targets = (
				5DFD568320E3A3A8001672BC /* DestroyTheWorld */,
				5DFD569720E3A3AB001672BC /* DestroyTheWorldTests */,
				5DFD56A220E3A3AB001672BC /* DestroyTheWorldUITests */,
			);
		};
/* End PBXProject section */

/* Begin PBXResourcesBuildPhase section */
		5DFD568220E3A3A8001672BC /* Resources */ = {
			isa = PBXResourcesBuildPhase;
			buildActionMask = 2147483647;
			files = (
				5DFD569220E3A3AB001672BC /* LaunchScreen.storyboard in Resources */,
				5DFD568F20E3A3AB001672BC /* Assets.xcassets in Resources */,
				5DFD568D20E3A3A8001672BC /* Main.storyboard in Resources */,
			);
			runOnlyForDeploymentPostprocessing = 0;
		};
		5DFD569620E3A3AB001672BC /* Resources */ = {
			isa = PBXResourcesBuildPhase;
			buildActionMask = 2147483647;
			files = (
			);
			runOnlyForDeploymentPostprocessing = 0;
		};
		5DFD56A120E3A3AB001672BC /* Resources */ = {
			isa = PBXResourcesBuildPhase;
			buildActionMask = 2147483647;
			files = (
			);
			runOnlyForDeploymentPostprocessing = 0;
		};
/* End PBXResourcesBuildPhase section */

/* Begin PBXSourcesBuildPhase section */
		5DFD568020E3A3A8001672BC /* Sources */ = {
			isa = PBXSourcesBuildPhase;
			buildActionMask = 2147483647;
			files = (
				5DFD568A20E3A3A8001672BC /* ViewController.swift in Sources */,
				5DFD568820E3A3A8001672BC /* AppDelegate.swift in Sources */,
			);
			runOnlyForDeploymentPostprocessing = 0;
		};
		5DFD569420E3A3AB001672BC /* Sources */ = {
			isa = PBXSourcesBuildPhase;
			buildActionMask = 2147483647;
			files = (
				5DFD569D20E3A3AB001672BC /* DestroyTheWorldTests.swift in Sources */,
			);
			runOnlyForDeploymentPostprocessing = 0;
		};
		5DFD569F20E3A3AB001672BC /* Sources */ = {
			isa = PBXSourcesBuildPhase;
			buildActionMask = 2147483647;
			files = (
				5DFD56A820E3A3AB001672BC /* DestroyTheWorldUITests.swift in Sources */,
			);
			runOnlyForDeploymentPostprocessing = 0;
		};
/* End PBXSourcesBuildPhase section */

/* Begin PBXTargetDependency section */
		5DFD569A20E3A3AB001672BC /* PBXTargetDependency */ = {
			isa = PBXTargetDependency;
			target = 5DFD568320E3A3A8001672BC /* DestroyTheWorld */;
			targetProxy = 5DFD569920E3A3AB001672BC /* PBXContainerItemProxy */;
		};
		5DFD56A520E3A3AB001672BC /* PBXTargetDependency */ = {
			isa = PBXTargetDependency;
			target = 5DFD568320E3A3A8001672BC /* DestroyTheWorld */;
			targetProxy = 5DFD56A420E3A3AB001672BC /* PBXContainerItemProxy */;
		};
/* End PBXTargetDependency section */

/* Begin PBXVariantGroup section */
		5DFD568B20E3A3A8001672BC /* Main.storyboard */ = {
			isa = PBXVariantGroup;
			children = (
				5DFD568C20E3A3A8001672BC /* Base */,
			);
			name = Main.storyboard;
			sourceTree = "<group>";
		};
		5DFD569020E3A3AB001672BC /* LaunchScreen.storyboard */ = {
			isa = PBXVariantGroup;
			children = (
				5DFD569120E3A3AB001672BC /* Base */,
			);
			name = LaunchScreen.storyboard;
			sourceTree = "<group>";
		};
/* End PBXVariantGroup section */

/* Begin XCBuildConfiguration section */
		5DFD56AA20E3A3AB001672BC /* Debug */ = {
			isa = XCBuildConfiguration;
			buildSettings = {
				ALWAYS_SEARCH_USER_PATHS = NO;
				CLANG_ANALYZER_NONNULL = YES;
				CLANG_ANALYZER_NUMBER_OBJECT_CONVERSION = YES_AGGRESSIVE;
				CLANG_CXX_LANGUAGE_STANDARD = "gnu++14";
				CLANG_CXX_LIBRARY = "libc++";
				CLANG_ENABLE_MODULES = YES;
				CLANG_ENABLE_OBJC_ARC = YES;
				CLANG_ENABLE_OBJC_WEAK = YES;
				CLANG_WARN_BLOCK_CAPTURE_AUTORELEASING = YES;
				CLANG_WARN_BOOL_CONVERSION = YES;
				CLANG_WARN_COMMA = YES;
				CLANG_WARN_CONSTANT_CONVERSION = YES;
				CLANG_WARN_DEPRECATED_OBJC_IMPLEMENTATIONS = YES;
				CLANG_WARN_DIRECT_OBJC_ISA_USAGE = YES_ERROR;
				CLANG_WARN_DOCUMENTATION_COMMENTS = YES;
				CLANG_WARN_EMPTY_BODY = YES;
				CLANG_WARN_ENUM_CONVERSION = YES;
				CLANG_WARN_INFINITE_RECURSION = YES;
				CLANG_WARN_INT_CONVERSION = YES;
				CLANG_WARN_NON_LITERAL_NULL_CONVERSION = YES;
				CLANG_WARN_OBJC_IMPLICIT_RETAIN_SELF = YES;
				CLANG_WARN_OBJC_LITERAL_CONVERSION = YES;
				CLANG_WARN_OBJC_ROOT_CLASS = YES_ERROR;
				CLANG_WARN_RANGE_LOOP_ANALYSIS = YES;
				CLANG_WARN_STRICT_PROTOTYPES = YES;
				CLANG_WARN_SUSPICIOUS_MOVE = YES;
				CLANG_WARN_UNGUARDED_AVAILABILITY = YES_AGGRESSIVE;
				CLANG_WARN_UNREACHABLE_CODE = YES;
				CLANG_WARN__DUPLICATE_METHOD_MATCH = YES;
				CODE_SIGN_IDENTITY = "iPhone Developer";
				COPY_PHASE_STRIP = NO;
				DEBUG_INFORMATION_FORMAT = dwarf;
				ENABLE_STRICT_OBJC_MSGSEND = YES;
				ENABLE_TESTABILITY = YES;
				GCC_C_LANGUAGE_STANDARD = gnu11;
				GCC_DYNAMIC_NO_PIC = NO;
				GCC_NO_COMMON_BLOCKS = YES;
				GCC_OPTIMIZATION_LEVEL = 0;
				GCC_PREPROCESSOR_DEFINITIONS = (
					"DEBUG=1",
					"$(inherited)",
				);
				GCC_WARN_64_TO_32_BIT_CONVERSION = YES;
				GCC_WARN_ABOUT_RETURN_TYPE = YES_ERROR;
				GCC_WARN_UNDECLARED_SELECTOR = YES;
				GCC_WARN_UNINITIALIZED_AUTOS = YES_AGGRESSIVE;
				GCC_WARN_UNUSED_FUNCTION = YES;
				GCC_WARN_UNUSED_VARIABLE = YES;
				IPHONEOS_DEPLOYMENT_TARGET = 11.4;
				MTL_ENABLE_DEBUG_INFO = YES;
				ONLY_ACTIVE_ARCH = YES;
				SDKROOT = iphoneos;
				SWIFT_ACTIVE_COMPILATION_CONDITIONS = DEBUG;
				SWIFT_OPTIMIZATION_LEVEL = "-Onone";
			};
			name = Debug;
		};
		5DFD56AB20E3A3AB001672BC /* Release */ = {
			isa = XCBuildConfiguration;
			buildSettings = {
				ALWAYS_SEARCH_USER_PATHS = NO;
				CLANG_ANALYZER_NONNULL = YES;
				CLANG_ANALYZER_NUMBER_OBJECT_CONVERSION = YES_AGGRESSIVE;
				CLANG_CXX_LANGUAGE_STANDARD = "gnu++14";
				CLANG_CXX_LIBRARY = "libc++";
				CLANG_ENABLE_MODULES = YES;
				CLANG_ENABLE_OBJC_ARC = YES;
				CLANG_ENABLE_OBJC_WEAK = YES;
				CLANG_WARN_BLOCK_CAPTURE_AUTORELEASING = YES;
				CLANG_WARN_BOOL_CONVERSION = YES;
				CLANG_WARN_COMMA = YES;
				CLANG_WARN_CONSTANT_CONVERSION = YES;
				CLANG_WARN_DEPRECATED_OBJC_IMPLEMENTATIONS = YES;
				CLANG_WARN_DIRECT_OBJC_ISA_USAGE = YES_ERROR;
				CLANG_WARN_DOCUMENTATION_COMMENTS = YES;
				CLANG_WARN_EMPTY_BODY = YES;
				CLANG_WARN_ENUM_CONVERSION = YES;
				CLANG_WARN_INFINITE_RECURSION = YES;
				CLANG_WARN_INT_CONVERSION = YES;
				CLANG_WARN_NON_LITERAL_NULL_CONVERSION = YES;
				CLANG_WARN_OBJC_IMPLICIT_RETAIN_SELF = YES;
				CLANG_WARN_OBJC_LITERAL_CONVERSION = YES;
				CLANG_WARN_OBJC_ROOT_CLASS = YES_ERROR;
				CLANG_WARN_RANGE_LOOP_ANALYSIS = YES;
				CLANG_WARN_STRICT_PROTOTYPES = YES;
				CLANG_WARN_SUSPICIOUS_MOVE = YES;
				CLANG_WARN_UNGUARDED_AVAILABILITY = YES_AGGRESSIVE;
				CLANG_WARN_UNREACHABLE_CODE = YES;
				CLANG_WARN__DUPLICATE_METHOD_MATCH = YES;
				CODE_SIGN_IDENTITY = "iPhone Developer";
				COPY_PHASE_STRIP = NO;
				DEBUG_INFORMATION_FORMAT = "dwarf-with-dsym";
				ENABLE_NS_ASSERTIONS = NO;
				ENABLE_STRICT_OBJC_MSGSEND = YES;
				GCC_C_LANGUAGE_STANDARD = gnu11;
				GCC_NO_COMMON_BLOCKS = YES;
				GCC_WARN_64_TO_32_BIT_CONVERSION = YES;
				GCC_WARN_ABOUT_RETURN_TYPE = YES_ERROR;
				GCC_WARN_UNDECLARED_SELECTOR = YES;
				GCC_WARN_UNINITIALIZED_AUTOS = YES_AGGRESSIVE;
				GCC_WARN_UNUSED_FUNCTION = YES;
				GCC_WARN_UNUSED_VARIABLE = YES;
				IPHONEOS_DEPLOYMENT_TARGET = 11.4;
				MTL_ENABLE_DEBUG_INFO = NO;
				SDKROOT = iphoneos;
				SWIFT_COMPILATION_MODE = wholemodule;
				SWIFT_OPTIMIZATION_LEVEL = "-O";
				VALIDATE_PRODUCT = YES;
			};
			name = Release;
		};
		5DFD56AD20E3A3AB001672BC /* Debug */ = {
			isa = XCBuildConfiguration;
			buildSettings = {
				ASSETCATALOG_COMPILER_APPICON_NAME = AppIcon;
				CODE_SIGN_STYLE = Automatic;
				DEVELOPMENT_TEAM = FLX7K82JYF;
				INFOPLIST_FILE = DestroyTheWorld/Info.plist;
				LD_RUNPATH_SEARCH_PATHS = (
					"$(inherited)",
					"@executable_path/Frameworks",
				);
				PRODUCT_BUNDLE_IDENTIFIER = DestroyTheWorld.DestroyTheWorld;
				PRODUCT_NAME = "$(TARGET_NAME)";
				SWIFT_VERSION = 4.0;
				TARGETED_DEVICE_FAMILY = "1,2";
			};
			name = Debug;
		};
		5DFD56AE20E3A3AB001672BC /* Release */ = {
			isa = XCBuildConfiguration;
			buildSettings = {
				ASSETCATALOG_COMPILER_APPICON_NAME = AppIcon;
				CODE_SIGN_STYLE = Automatic;
				DEVELOPMENT_TEAM = FLX7K82JYF;
				INFOPLIST_FILE = DestroyTheWorld/Info.plist;
				LD_RUNPATH_SEARCH_PATHS = (
					"$(inherited)",
					"@executable_path/Frameworks",
				);
				PRODUCT_BUNDLE_IDENTIFIER = DestroyTheWorld.DestroyTheWorld;
				PRODUCT_NAME = "$(TARGET_NAME)";
				SWIFT_VERSION = 4.0;
				TARGETED_DEVICE_FAMILY = "1,2";
			};
			name = Release;
		};
		5DFD56B020E3A3AB001672BC /* Debug */ = {
			isa = XCBuildConfiguration;
			buildSettings = {
				ALWAYS_EMBED_SWIFT_STANDARD_LIBRARIES = YES;
				BUNDLE_LOADER = "$(TEST_HOST)";
				CODE_SIGN_STYLE = Automatic;
				DEVELOPMENT_TEAM = FLX7K82JYF;
				INFOPLIST_FILE = DestroyTheWorldTests/Info.plist;
				LD_RUNPATH_SEARCH_PATHS = (
					"$(inherited)",
					"@executable_path/Frameworks",
					"@loader_path/Frameworks",
				);
				PRODUCT_BUNDLE_IDENTIFIER = DestroyTheWorld.DestroyTheWorldTests;
				PRODUCT_NAME = "$(TARGET_NAME)";
				SWIFT_VERSION = 4.0;
				TARGETED_DEVICE_FAMILY = "1,2";
				TEST_HOST = "$(BUILT_PRODUCTS_DIR)/DestroyTheWorld.app/DestroyTheWorld";
			};
			name = Debug;
		};
		5DFD56B120E3A3AB001672BC /* Release */ = {
			isa = XCBuildConfiguration;
			buildSettings = {
				ALWAYS_EMBED_SWIFT_STANDARD_LIBRARIES = YES;
				BUNDLE_LOADER = "$(TEST_HOST)";
				CODE_SIGN_STYLE = Automatic;
				DEVELOPMENT_TEAM = FLX7K82JYF;
				INFOPLIST_FILE = DestroyTheWorldTests/Info.plist;
				LD_RUNPATH_SEARCH_PATHS = (
					"$(inherited)",
					"@executable_path/Frameworks",
					"@loader_path/Frameworks",
				);
				PRODUCT_BUNDLE_IDENTIFIER = DestroyTheWorld.DestroyTheWorldTests;
				PRODUCT_NAME = "$(TARGET_NAME)";
				SWIFT_VERSION = 4.0;
				TARGETED_DEVICE_FAMILY = "1,2";
				TEST_HOST = "$(BUILT_PRODUCTS_DIR)/DestroyTheWorld.app/DestroyTheWorld";
			};
			name = Release;
		};
		5DFD56B320E3A3AB001672BC /* Debug */ = {
			isa = XCBuildConfiguration;
			buildSettings = {
				ALWAYS_EMBED_SWIFT_STANDARD_LIBRARIES = YES;
				CODE_SIGN_STYLE = Automatic;
				DEVELOPMENT_TEAM = FLX7K82JYF;
				INFOPLIST_FILE = DestroyTheWorldUITests/Info.plist;
				LD_RUNPATH_SEARCH_PATHS = (
					"$(inherited)",
					"@executable_path/Frameworks",
					"@loader_path/Frameworks",
				);
				PRODUCT_BUNDLE_IDENTIFIER = DestroyTheWorld.DestroyTheWorldUITests;
				PRODUCT_NAME = "$(TARGET_NAME)";
				SWIFT_VERSION = 4.0;
				TARGETED_DEVICE_FAMILY = "1,2";
				TEST_TARGET_NAME = DestroyTheWorld;
			};
			name = Debug;
		};
		5DFD56B420E3A3AB001672BC /* Release */ = {
			isa = XCBuildConfiguration;
			buildSettings = {
				ALWAYS_EMBED_SWIFT_STANDARD_LIBRARIES = YES;
				CODE_SIGN_STYLE = Automatic;
				DEVELOPMENT_TEAM = FLX7K82JYF;
				INFOPLIST_FILE = DestroyTheWorldUITests/Info.plist;
				LD_RUNPATH_SEARCH_PATHS = (
					"$(inherited)",
					"@executable_path/Frameworks",
					"@loader_path/Frameworks",
				);
				PRODUCT_BUNDLE_IDENTIFIER = DestroyTheWorld.DestroyTheWorldUITests;
				PRODUCT_NAME = "$(TARGET_NAME)";
				SWIFT_VERSION = 4.0;
				TARGETED_DEVICE_FAMILY = "1,2";
				TEST_TARGET_NAME = DestroyTheWorld;
			};
			name = Release;
		};
/* End XCBuildConfiguration section */

/* Begin XCConfigurationList section */
		5DFD567F20E3A3A7001672BC /* Build configuration list for PBXProject "DestroyTheWorld" */ = {
			isa = XCConfigurationList;
			buildConfigurations = (
				5DFD56AA20E3A3AB001672BC /* Debug */,
				5DFD56AB20E3A3AB001672BC /* Release */,
			);
			defaultConfigurationIsVisible = 0;
			defaultConfigurationName = Release;
		};
		5DFD56AC20E3A3AB001672BC /* Build configuration list for PBXNativeTarget "DestroyTheWorld" */ = {
			isa = XCConfigurationList;
			buildConfigurations = (
				5DFD56AD20E3A3AB001672BC /* Debug */,
				5DFD56AE20E3A3AB001672BC /* Release */,
			);
			defaultConfigurationIsVisible = 0;
			defaultConfigurationName = Release;
		};
		5DFD56AF20E3A3AB001672BC /* Build configuration list for PBXNativeTarget "DestroyTheWorldTests" */ = {
			isa = XCConfigurationList;
			buildConfigurations = (
				5DFD56B020E3A3AB001672BC /* Debug */,
				5DFD56B120E3A3AB001672BC /* Release */,
			);
			defaultConfigurationIsVisible = 0;
			defaultConfigurationName = Release;
		};
		5DFD56B220E3A3AB001672BC /* Build configuration list for PBXNativeTarget "DestroyTheWorldUITests" */ = {
			isa = XCConfigurationList;
			buildConfigurations = (
				5DFD56B320E3A3AB001672BC /* Debug */,
				5DFD56B420E3A3AB001672BC /* Release */,
			);
			defaultConfigurationIsVisible = 0;
			defaultConfigurationName = Release;
		};
/* End XCConfigurationList section */
	};
	rootObject = 5DFD567C20E3A3A7001672BC /* Project object */;
}
